
Microsoft Visual Studio Solution File, Format Version 12.00
# Visual Studio Version 17
VisualStudioVersion = 17.2.32616.157
MinimumVisualStudioVersion = 10.0.40219.1
Project("{FAE04EC0-301F-11D3-BF4B-00C04F79EFBC}") = "FTree", "FTree\FTree.csproj", "{EB2621BB-E760-45C5-8783-CAA2A8839B68}"
EndProject
Global
	GlobalSection(SolutionConfigurationPlatforms) = preSolution
		Debug|Any CPU = Debug|Any CPU
		Release|Any CPU = Release|Any CPU
	EndGlobalSection
	GlobalSection(ProjectConfigurationPlatforms) = postSolution
		{EB2621BB-E760-45C5-8783-CAA2A8839B68}.Debug|Any CPU.ActiveCfg = Debug|Any CPU
		{EB2621BB-E760-45C5-8783-CAA2A8839B68}.Debug|Any CPU.Build.0 = Debug|Any CPU
		{EB2621BB-E760-45C5-8783-CAA2A8839B68}.Release|Any CPU.ActiveCfg = Release|Any CPU
		{EB2621BB-E760-45C5-8783-CAA2A8839B68}.Release|Any CPU.Build.0 = Release|Any CPU
	EndGlobalSection
	GlobalSection(SolutionProperties) = preSolution
		HideSolutionNode = FALSE
	EndGlobalSection
	GlobalSection(ExtensibilityGlobals) = postSolution
		SolutionGuid = {08B46D99-B832-49E9-8FCE-5FAE98A15ABB}
	EndGlobalSection
EndGlobal
